
Microsoft Visual Studio Solution File, Format Version 12.00
# Visual Studio Version 17
VisualStudioVersion = 17.9.34616.47
MinimumVisualStudioVersion = 10.0.40219.1
Project("{FAE04EC0-301F-11D3-BF4B-00C04F79EFBC}") = "AppGitHub", "AppGitHub\AppGitHub.csproj", "{C8877D36-00F1-4120-8B66-73C4941EB35A}"
EndProject
Global
	GlobalSection(SolutionConfigurationPlatforms) = preSolution
		Debug|Any CPU = Debug|Any CPU
		Release|Any CPU = Release|Any CPU
	EndGlobalSection
	GlobalSection(ProjectConfigurationPlatforms) = postSolution
		{C8877D36-00F1-4120-8B66-73C4941EB35A}.Debug|Any CPU.ActiveCfg = Debug|Any CPU
		{C8877D36-00F1-4120-8B66-73C4941EB35A}.Debug|Any CPU.Build.0 = Debug|Any CPU
		{C8877D36-00F1-4120-8B66-73C4941EB35A}.Debug|Any CPU.Deploy.0 = Debug|Any CPU
		{C8877D36-00F1-4120-8B66-73C4941EB35A}.Release|Any CPU.ActiveCfg = Release|Any CPU
		{C8877D36-00F1-4120-8B66-73C4941EB35A}.Release|Any CPU.Build.0 = Release|Any CPU
		{C8877D36-00F1-4120-8B66-73C4941EB35A}.Release|Any CPU.Deploy.0 = Release|Any CPU
	EndGlobalSection
	GlobalSection(SolutionProperties) = preSolution
		HideSolutionNode = FALSE
	EndGlobalSection
	GlobalSection(ExtensibilityGlobals) = postSolution
		SolutionGuid = {1D7BCC41-209B-4DA5-A257-A28F9794B1C0}
	EndGlobalSection
EndGlobal
