
Microsoft Visual Studio Solution File, Format Version 12.00
# Visual Studio Version 17
VisualStudioVersion = 17.13.35828.75 d17.13
MinimumVisualStudioVersion = 10.0.40219.1
Project("{FAE04EC0-301F-11D3-BF4B-00C04F79EFBC}") = "AppDemo", "AppDemo\AppDemo.csproj", "{8D44B96E-667A-4263-96B1-7288813C1A95}"
EndProject
Global
	GlobalSection(SolutionConfigurationPlatforms) = preSolution
		Debug|Any CPU = Debug|Any CPU
		Release|Any CPU = Release|Any CPU
	EndGlobalSection
	GlobalSection(ProjectConfigurationPlatforms) = postSolution
		{8D44B96E-667A-4263-96B1-7288813C1A95}.Debug|Any CPU.ActiveCfg = Debug|Any CPU
		{8D44B96E-667A-4263-96B1-7288813C1A95}.Debug|Any CPU.Build.0 = Debug|Any CPU
		{8D44B96E-667A-4263-96B1-7288813C1A95}.Release|Any CPU.ActiveCfg = Release|Any CPU
		{8D44B96E-667A-4263-96B1-7288813C1A95}.Release|Any CPU.Build.0 = Release|Any CPU
	EndGlobalSection
	GlobalSection(SolutionProperties) = preSolution
		HideSolutionNode = FALSE
	EndGlobalSection
	GlobalSection(ExtensibilityGlobals) = postSolution
		SolutionGuid = {C179E78C-19B5-47F3-8FE9-9EA2EE6D6876}
	EndGlobalSection
EndGlobal
