
Microsoft Visual Studio Solution File, Format Version 12.00
# Visual Studio Version 17
VisualStudioVersion = 17.5.33516.290
MinimumVisualStudioVersion = 10.0.40219.1
Project("{FAE04EC0-301F-11D3-BF4B-00C04F79EFBC}") = "Quiz.API", "Quiz.API\Quiz.API.csproj", "{A50AFC63-8045-4994-AF6D-D6FBEE597670}"
EndProject
Project("{FAE04EC0-301F-11D3-BF4B-00C04F79EFBC}") = "Quiz.DATA", "Quiz.DATA\Quiz.DATA.csproj", "{827BFFA5-FD28-49AE-AC83-BCBAFF9A6875}"
EndProject
Global
	GlobalSection(SolutionConfigurationPlatforms) = preSolution
		Debug|Any CPU = Debug|Any CPU
		Release|Any CPU = Release|Any CPU
	EndGlobalSection
	GlobalSection(ProjectConfigurationPlatforms) = postSolution
		{A50AFC63-8045-4994-AF6D-D6FBEE597670}.Debug|Any CPU.ActiveCfg = Debug|Any CPU
		{A50AFC63-8045-4994-AF6D-D6FBEE597670}.Debug|Any CPU.Build.0 = Debug|Any CPU
		{A50AFC63-8045-4994-AF6D-D6FBEE597670}.Release|Any CPU.ActiveCfg = Release|Any CPU
		{A50AFC63-8045-4994-AF6D-D6FBEE597670}.Release|Any CPU.Build.0 = Release|Any CPU
		{827BFFA5-FD28-49AE-AC83-BCBAFF9A6875}.Debug|Any CPU.ActiveCfg = Debug|Any CPU
		{827BFFA5-FD28-49AE-AC83-BCBAFF9A6875}.Debug|Any CPU.Build.0 = Debug|Any CPU
		{827BFFA5-FD28-49AE-AC83-BCBAFF9A6875}.Release|Any CPU.ActiveCfg = Release|Any CPU
		{827BFFA5-FD28-49AE-AC83-BCBAFF9A6875}.Release|Any CPU.Build.0 = Release|Any CPU
	EndGlobalSection
	GlobalSection(SolutionProperties) = preSolution
		HideSolutionNode = FALSE
	EndGlobalSection
	GlobalSection(ExtensibilityGlobals) = postSolution
		SolutionGuid = {0B31B7DC-82D7-4BF4-AB38-0E630AFE6789}
	EndGlobalSection
EndGlobal
