
Microsoft Visual Studio Solution File, Format Version 12.00
# Visual Studio Version 17
VisualStudioVersion = 17.2.32630.192
MinimumVisualStudioVersion = 10.0.40219.1
Project("{FAE04EC0-301F-11D3-BF4B-00C04F79EFBC}") = "APIDemo", "APIDemo\APIDemo.csproj", "{582326D0-4AF8-4FBD-A12C-C6D3BD83153D}"
EndProject
Global
	GlobalSection(SolutionConfigurationPlatforms) = preSolution
		Debug|Any CPU = Debug|Any CPU
		Release|Any CPU = Release|Any CPU
	EndGlobalSection
	GlobalSection(ProjectConfigurationPlatforms) = postSolution
		{582326D0-4AF8-4FBD-A12C-C6D3BD83153D}.Debug|Any CPU.ActiveCfg = Debug|Any CPU
		{582326D0-4AF8-4FBD-A12C-C6D3BD83153D}.Debug|Any CPU.Build.0 = Debug|Any CPU
		{582326D0-4AF8-4FBD-A12C-C6D3BD83153D}.Release|Any CPU.ActiveCfg = Release|Any CPU
		{582326D0-4AF8-4FBD-A12C-C6D3BD83153D}.Release|Any CPU.Build.0 = Release|Any CPU
	EndGlobalSection
	GlobalSection(SolutionProperties) = preSolution
		HideSolutionNode = FALSE
	EndGlobalSection
	GlobalSection(ExtensibilityGlobals) = postSolution
		SolutionGuid = {559A03E7-BD27-42F4-92F6-26C14DB5AFA1}
	EndGlobalSection
EndGlobal
