
Microsoft Visual Studio Solution File, Format Version 12.00
# Visual Studio Version 17
VisualStudioVersion = 17.11.35303.130
MinimumVisualStudioVersion = 10.0.40219.1
Project("{FAE04EC0-301F-11D3-BF4B-00C04F79EFBC}") = "MinhasAtividades", "MinhasAtividades\MinhasAtividades.csproj", "{DC9DF4FC-1516-4EF6-9F71-3DBB0751B25E}"
EndProject
Global
	GlobalSection(SolutionConfigurationPlatforms) = preSolution
		Debug|Any CPU = Debug|Any CPU
		Release|Any CPU = Release|Any CPU
	EndGlobalSection
	GlobalSection(ProjectConfigurationPlatforms) = postSolution
		{DC9DF4FC-1516-4EF6-9F71-3DBB0751B25E}.Debug|Any CPU.ActiveCfg = Debug|Any CPU
		{DC9DF4FC-1516-4EF6-9F71-3DBB0751B25E}.Debug|Any CPU.Build.0 = Debug|Any CPU
		{DC9DF4FC-1516-4EF6-9F71-3DBB0751B25E}.Debug|Any CPU.Deploy.0 = Debug|Any CPU
		{DC9DF4FC-1516-4EF6-9F71-3DBB0751B25E}.Release|Any CPU.ActiveCfg = Release|Any CPU
		{DC9DF4FC-1516-4EF6-9F71-3DBB0751B25E}.Release|Any CPU.Build.0 = Release|Any CPU
		{DC9DF4FC-1516-4EF6-9F71-3DBB0751B25E}.Release|Any CPU.Deploy.0 = Release|Any CPU
	EndGlobalSection
	GlobalSection(SolutionProperties) = preSolution
		HideSolutionNode = FALSE
	EndGlobalSection
	GlobalSection(ExtensibilityGlobals) = postSolution
		SolutionGuid = {53A2143C-7A34-4E3E-853E-F8D0BDD0A753}
	EndGlobalSection
EndGlobal
