
Microsoft Visual Studio Solution File, Format Version 12.00
# Visual Studio Version 17
VisualStudioVersion = 17.9.34616.47
MinimumVisualStudioVersion = 10.0.40219.1
Project("{FAE04EC0-301F-11D3-BF4B-00C04F79EFBC}") = "AppConsole", "AppConsole\AppConsole.csproj", "{5B17AD62-5E99-4F5E-AE9D-9F0B555ECCB1}"
EndProject
Global
	GlobalSection(SolutionConfigurationPlatforms) = preSolution
		Debug|Any CPU = Debug|Any CPU
		Release|Any CPU = Release|Any CPU
	EndGlobalSection
	GlobalSection(ProjectConfigurationPlatforms) = postSolution
		{5B17AD62-5E99-4F5E-AE9D-9F0B555ECCB1}.Debug|Any CPU.ActiveCfg = Debug|Any CPU
		{5B17AD62-5E99-4F5E-AE9D-9F0B555ECCB1}.Debug|Any CPU.Build.0 = Debug|Any CPU
		{5B17AD62-5E99-4F5E-AE9D-9F0B555ECCB1}.Release|Any CPU.ActiveCfg = Release|Any CPU
		{5B17AD62-5E99-4F5E-AE9D-9F0B555ECCB1}.Release|Any CPU.Build.0 = Release|Any CPU
	EndGlobalSection
	GlobalSection(SolutionProperties) = preSolution
		HideSolutionNode = FALSE
	EndGlobalSection
	GlobalSection(ExtensibilityGlobals) = postSolution
		SolutionGuid = {D54B1309-ABAD-4992-95DA-2E2DE8EE1D01}
	EndGlobalSection
EndGlobal
