
Microsoft Visual Studio Solution File, Format Version 12.00
# Visual Studio Version 17
VisualStudioVersion = 17.11.35303.130
MinimumVisualStudioVersion = 10.0.40219.1
Project("{FAE04EC0-301F-11D3-BF4B-00C04F79EFBC}") = "MinhaSolucao.API", "MinhaSolucao.API\MinhaSolucao.API.csproj", "{AEB5DC76-8AE2-429A-AB58-8501B1E4391D}"
EndProject
Project("{FAE04EC0-301F-11D3-BF4B-00C04F79EFBC}") = "MinhaSolucao.DATA", "MinhaSolucao.DATA\MinhaSolucao.DATA.csproj", "{7467BF18-02AE-485B-91D0-BBD227BF5A28}"
EndProject
Global
	GlobalSection(SolutionConfigurationPlatforms) = preSolution
		Debug|Any CPU = Debug|Any CPU
		Release|Any CPU = Release|Any CPU
	EndGlobalSection
	GlobalSection(ProjectConfigurationPlatforms) = postSolution
		{AEB5DC76-8AE2-429A-AB58-8501B1E4391D}.Debug|Any CPU.ActiveCfg = Debug|Any CPU
		{AEB5DC76-8AE2-429A-AB58-8501B1E4391D}.Debug|Any CPU.Build.0 = Debug|Any CPU
		{AEB5DC76-8AE2-429A-AB58-8501B1E4391D}.Release|Any CPU.ActiveCfg = Release|Any CPU
		{AEB5DC76-8AE2-429A-AB58-8501B1E4391D}.Release|Any CPU.Build.0 = Release|Any CPU
		{7467BF18-02AE-485B-91D0-BBD227BF5A28}.Debug|Any CPU.ActiveCfg = Debug|Any CPU
		{7467BF18-02AE-485B-91D0-BBD227BF5A28}.Debug|Any CPU.Build.0 = Debug|Any CPU
		{7467BF18-02AE-485B-91D0-BBD227BF5A28}.Release|Any CPU.ActiveCfg = Release|Any CPU
		{7467BF18-02AE-485B-91D0-BBD227BF5A28}.Release|Any CPU.Build.0 = Release|Any CPU
	EndGlobalSection
	GlobalSection(SolutionProperties) = preSolution
		HideSolutionNode = FALSE
	EndGlobalSection
	GlobalSection(ExtensibilityGlobals) = postSolution
		SolutionGuid = {3869F110-27AF-4ADD-80AB-461BACB70213}
	EndGlobalSection
EndGlobal
