
Microsoft Visual Studio Solution File, Format Version 12.00
# Visual Studio Version 17
VisualStudioVersion = 17.9.34616.47
MinimumVisualStudioVersion = 10.0.40219.1
Project("{FAE04EC0-301F-11D3-BF4B-00C04F79EFBC}") = "ConsoleApp1", "ConsoleApp1\ConsoleApp1.csproj", "{FCDAAB3A-04ED-42A1-87E3-A4C202A3511C}"
EndProject
Global
	GlobalSection(SolutionConfigurationPlatforms) = preSolution
		Debug|Any CPU = Debug|Any CPU
		Release|Any CPU = Release|Any CPU
	EndGlobalSection
	GlobalSection(ProjectConfigurationPlatforms) = postSolution
		{FCDAAB3A-04ED-42A1-87E3-A4C202A3511C}.Debug|Any CPU.ActiveCfg = Debug|Any CPU
		{FCDAAB3A-04ED-42A1-87E3-A4C202A3511C}.Debug|Any CPU.Build.0 = Debug|Any CPU
		{FCDAAB3A-04ED-42A1-87E3-A4C202A3511C}.Release|Any CPU.ActiveCfg = Release|Any CPU
		{FCDAAB3A-04ED-42A1-87E3-A4C202A3511C}.Release|Any CPU.Build.0 = Release|Any CPU
	EndGlobalSection
	GlobalSection(SolutionProperties) = preSolution
		HideSolutionNode = FALSE
	EndGlobalSection
	GlobalSection(ExtensibilityGlobals) = postSolution
		SolutionGuid = {3828616F-BEE6-40ED-B9A5-C6A9522141A6}
	EndGlobalSection
EndGlobal
