
Microsoft Visual Studio Solution File, Format Version 12.00
# Visual Studio Version 17
VisualStudioVersion = 17.7.34009.444
MinimumVisualStudioVersion = 10.0.40219.1
Project("{FAE04EC0-301F-11D3-BF4B-00C04F79EFBC}") = "Escola.API", "Escola.API\Escola.API.csproj", "{BCC9061E-2889-494F-A91F-A5D0DD577058}"
EndProject
Project("{FAE04EC0-301F-11D3-BF4B-00C04F79EFBC}") = "Escola.Dados", "Escola.Dados\Escola.Dados.csproj", "{56B686E9-4FC1-482C-A18A-C71E2FF4046A}"
EndProject
Global
	GlobalSection(SolutionConfigurationPlatforms) = preSolution
		Debug|Any CPU = Debug|Any CPU
		Release|Any CPU = Release|Any CPU
	EndGlobalSection
	GlobalSection(ProjectConfigurationPlatforms) = postSolution
		{BCC9061E-2889-494F-A91F-A5D0DD577058}.Debug|Any CPU.ActiveCfg = Debug|Any CPU
		{BCC9061E-2889-494F-A91F-A5D0DD577058}.Debug|Any CPU.Build.0 = Debug|Any CPU
		{BCC9061E-2889-494F-A91F-A5D0DD577058}.Release|Any CPU.ActiveCfg = Release|Any CPU
		{BCC9061E-2889-494F-A91F-A5D0DD577058}.Release|Any CPU.Build.0 = Release|Any CPU
		{56B686E9-4FC1-482C-A18A-C71E2FF4046A}.Debug|Any CPU.ActiveCfg = Debug|Any CPU
		{56B686E9-4FC1-482C-A18A-C71E2FF4046A}.Debug|Any CPU.Build.0 = Debug|Any CPU
		{56B686E9-4FC1-482C-A18A-C71E2FF4046A}.Release|Any CPU.ActiveCfg = Release|Any CPU
		{56B686E9-4FC1-482C-A18A-C71E2FF4046A}.Release|Any CPU.Build.0 = Release|Any CPU
	EndGlobalSection
	GlobalSection(SolutionProperties) = preSolution
		HideSolutionNode = FALSE
	EndGlobalSection
	GlobalSection(ExtensibilityGlobals) = postSolution
		SolutionGuid = {1EBD2ADF-3BC2-4392-ABBD-7950ACF706E9}
	EndGlobalSection
EndGlobal
