
Microsoft Visual Studio Solution File, Format Version 12.00
# Visual Studio Version 17
VisualStudioVersion = 17.9.34616.47
MinimumVisualStudioVersion = 10.0.40219.1
Project("{FAE04EC0-301F-11D3-BF4B-00C04F79EFBC}") = "App-DemoDB", "App-DemoDB\App-DemoDB.csproj", "{B092B68E-DA6B-4CA6-AB01-C39004BB5521}"
EndProject
Global
	GlobalSection(SolutionConfigurationPlatforms) = preSolution
		Debug|Any CPU = Debug|Any CPU
		Release|Any CPU = Release|Any CPU
	EndGlobalSection
	GlobalSection(ProjectConfigurationPlatforms) = postSolution
		{B092B68E-DA6B-4CA6-AB01-C39004BB5521}.Debug|Any CPU.ActiveCfg = Debug|Any CPU
		{B092B68E-DA6B-4CA6-AB01-C39004BB5521}.Debug|Any CPU.Build.0 = Debug|Any CPU
		{B092B68E-DA6B-4CA6-AB01-C39004BB5521}.Release|Any CPU.ActiveCfg = Release|Any CPU
		{B092B68E-DA6B-4CA6-AB01-C39004BB5521}.Release|Any CPU.Build.0 = Release|Any CPU
	EndGlobalSection
	GlobalSection(SolutionProperties) = preSolution
		HideSolutionNode = FALSE
	EndGlobalSection
	GlobalSection(ExtensibilityGlobals) = postSolution
		SolutionGuid = {E3789258-90C7-4725-A615-C052B781D20A}
	EndGlobalSection
EndGlobal
