
Microsoft Visual Studio Solution File, Format Version 12.00
# Visual Studio Version 17
VisualStudioVersion = 17.9.34616.47
MinimumVisualStudioVersion = 10.0.40219.1
Project("{FAE04EC0-301F-11D3-BF4B-00C04F79EFBC}") = "AppPartida", "AppPartida\AppPartida.csproj", "{30AE497F-F89D-4396-B0B5-94D4818DCF48}"
EndProject
Global
	GlobalSection(SolutionConfigurationPlatforms) = preSolution
		Debug|Any CPU = Debug|Any CPU
		Release|Any CPU = Release|Any CPU
	EndGlobalSection
	GlobalSection(ProjectConfigurationPlatforms) = postSolution
		{30AE497F-F89D-4396-B0B5-94D4818DCF48}.Debug|Any CPU.ActiveCfg = Debug|Any CPU
		{30AE497F-F89D-4396-B0B5-94D4818DCF48}.Debug|Any CPU.Build.0 = Debug|Any CPU
		{30AE497F-F89D-4396-B0B5-94D4818DCF48}.Release|Any CPU.ActiveCfg = Release|Any CPU
		{30AE497F-F89D-4396-B0B5-94D4818DCF48}.Release|Any CPU.Build.0 = Release|Any CPU
	EndGlobalSection
	GlobalSection(SolutionProperties) = preSolution
		HideSolutionNode = FALSE
	EndGlobalSection
	GlobalSection(ExtensibilityGlobals) = postSolution
		SolutionGuid = {E350EA0B-0F8B-4379-AF17-B8E2227FFF3A}
	EndGlobalSection
EndGlobal
